
Microsoft Visual Studio Solution File, Format Version 12.00
# Visual Studio Version 16
VisualStudioVersion = 16.0.32228.343
MinimumVisualStudioVersion = 10.0.40219.1
Project("{FAE04EC0-301F-11D3-BF4B-00C04F79EFBC}") = "GigaCo", "GigaCo\GigaCo.csproj", "{199CF461-4ABE-4F7E-A7E8-84133A92D226}"
EndProject
Global
	GlobalSection(SolutionConfigurationPlatforms) = preSolution
		Debug|Any CPU = Debug|Any CPU
		Release|Any CPU = Release|Any CPU
	EndGlobalSection
	GlobalSection(ProjectConfigurationPlatforms) = postSolution
		{199CF461-4ABE-4F7E-A7E8-84133A92D226}.Debug|Any CPU.ActiveCfg = Debug|Any CPU
		{199CF461-4ABE-4F7E-A7E8-84133A92D226}.Debug|Any CPU.Build.0 = Debug|Any CPU
		{199CF461-4ABE-4F7E-A7E8-84133A92D226}.Release|Any CPU.ActiveCfg = Release|Any CPU
		{199CF461-4ABE-4F7E-A7E8-84133A92D226}.Release|Any CPU.Build.0 = Release|Any CPU
	EndGlobalSection
	GlobalSection(SolutionProperties) = preSolution
		HideSolutionNode = FALSE
	EndGlobalSection
	GlobalSection(ExtensibilityGlobals) = postSolution
		SolutionGuid = {0DB3C5FC-80A5-4124-9481-E6E5F5FD8B85}
	EndGlobalSection
EndGlobal
